#MicroXplorer Configuration settings - do not modify
ADC.ClockPrescaler=ADC_CLOCK_ASYNC_DIV1
ADC.ContinuousConvMode=DISABLE
ADC.DMAContinuousRequests=DISABLE
ADC.DataAlign=ADC_DATAALIGN_RIGHT
ADC.DiscontinuousConvMode=DISABLE
ADC.EOCSelection=ADC_EOC_SINGLE_CONV
ADC.EnableAnalogWatchDog=false
ADC.ExternalTrigConv=ADC_SOFTWARE_START
ADC.ExternalTrigConvEdge=ADC_EXTERNALTRIGCONVEDGE_NONE
ADC.IPParameters=ClockPrescaler,Resolution,DataAlign,ScanConvMode,ContinuousConvMode,DiscontinuousConvMode,DMAContinuousRequests,EOCSelection,Overrun,LowPowerAutoWait,LowPowerAutoPowerOff,SamplingTime,ExternalTrigConv,ExternalTrigConvEdge,EnableAnalogWatchDog
ADC.LowPowerAutoPowerOff=DISABLE
ADC.LowPowerAutoWait=DISABLE
ADC.Overrun=ADC_OVR_DATA_PRESERVED
ADC.Resolution=ADC_RESOLUTION_12B
ADC.SamplingTime=ADC_SAMPLETIME_1CYCLE_5
ADC.ScanConvMode=ADC_SCAN_DIRECTION_FORWARD
Dma.ADC.0.Direction=DMA_PERIPH_TO_MEMORY
Dma.ADC.0.Instance=DMA1_Channel1
Dma.ADC.0.MemDataAlignment=DMA_MDATAALIGN_HALFWORD
Dma.ADC.0.MemInc=DMA_MINC_ENABLE
Dma.ADC.0.Mode=DMA_NORMAL
Dma.ADC.0.PeriphDataAlignment=DMA_PDATAALIGN_HALFWORD
Dma.ADC.0.PeriphInc=DMA_PINC_DISABLE
Dma.ADC.0.Priority=DMA_PRIORITY_MEDIUM
Dma.ADC.0.RequestParameters=Instance,Direction,PeriphInc,MemInc,PeriphDataAlignment,MemDataAlignment,Mode,Priority
Dma.Request0=ADC
Dma.RequestsNb=1
File.Version=6
KeepUserPlacement=true
Mcu.Family=STM32F0
Mcu.IP0=ADC
Mcu.IP1=DMA
Mcu.IP2=NVIC
Mcu.IP3=RCC
Mcu.IP4=SYS
Mcu.IP5=TIM16
Mcu.IPNb=6
Mcu.Name=STM32F071V(8-B)Tx
Mcu.Package=LQFP100
Mcu.Pin0=PE3
Mcu.Pin1=PF0-OSC_IN
Mcu.Pin10=PD13
Mcu.Pin11=PD14
Mcu.Pin12=PC7
Mcu.Pin13=PA8
Mcu.Pin14=PA13
Mcu.Pin15=PA14
Mcu.Pin16=PC10
Mcu.Pin17=PC11
Mcu.Pin18=PB4
Mcu.Pin19=PE0
Mcu.Pin2=PF1-OSC_OUT
Mcu.Pin20=PE1
Mcu.Pin21=VP_ADC_Vbat_Input
Mcu.Pin22=VP_SYS_VS_Systick
Mcu.Pin23=VP_TIM16_VS_ClockSourceINT
Mcu.Pin24=VP_TIM16_VS_no_output1
Mcu.Pin3=PA6
Mcu.Pin4=PB1
Mcu.Pin5=PE8
Mcu.Pin6=PE10
Mcu.Pin7=PB14
Mcu.Pin8=PD11
Mcu.Pin9=PD12
Mcu.PinsNb=25
Mcu.UserConstants=
Mcu.UserName=STM32F071VBTx
MxCube.Version=4.23.0
MxDb.Version=DB.4.0.230
NVIC.ADC1_COMP_IRQn=true\:0\:0\:false\:false\:true\:true
NVIC.DMA1_Channel1_IRQn=true\:0\:0\:false\:false\:true\:false
NVIC.HardFault_IRQn=true\:0\:0\:false\:false\:true\:false
NVIC.NonMaskableInt_IRQn=true\:0\:0\:false\:false\:true\:false
NVIC.PendSV_IRQn=true\:0\:0\:false\:false\:true\:false
NVIC.RCC_CRS_IRQn=true\:0\:0\:false\:false\:true\:true
NVIC.SVC_IRQn=true\:0\:0\:false\:false\:true\:false
NVIC.SysTick_IRQn=true\:0\:0\:false\:false\:true\:false
NVIC.TIM16_IRQn=true\:0\:0\:false\:false\:true\:true
PA13.Locked=true
PA13.Mode=Serial_Wire
PA13.Signal=SYS_SWDIO
PA14.Mode=Serial_Wire
PA14.Signal=SYS_SWCLK
PA6.GPIOParameters=GPIO_Label
PA6.GPIO_Label=MAIN_BUS
PA6.Locked=true
PA6.Signal=GPIO_Output
PA8.GPIOParameters=GPIO_Label
PA8.GPIO_Label=LEFT_BRUSH
PA8.Locked=true
PA8.Signal=GPIO_Output
PB1.Mode=IN9
PB1.Signal=ADC_IN9
PB14.GPIOParameters=GPIO_Label
PB14.GPIO_Label=RIGHT_BRUSH
PB14.Locked=true
PB14.Signal=GPIO_Output
PB4.GPIOParameters=GPIO_Label
PB4.GPIO_Label=AUDIO_DATA
PB4.Locked=true
PB4.Signal=GPIO_Output
PC10.GPIOParameters=GPIO_Label
PC10.GPIO_Label=DISPLAY_PLAN
PC10.Locked=true
PC10.Signal=GPIO_Input
PC11.GPIOParameters=GPIO_Label
PC11.GPIO_Label=DISPLAY_SPOT
PC11.Locked=true
PC11.Signal=GPIO_Input
PC7.GPIOParameters=GPIO_Label
PC7.GPIO_Label=CHARGE_ON
PC7.Locked=true
PC7.Signal=GPIO_Output
PCC.Checker=false
PCC.Line=STM32F0x1
PCC.MCU=STM32F071V(8-B)Tx
PCC.PartNumber=STM32F071VBTx
PCC.Seq0=0
PCC.Series=STM32F0
PCC.Temperature=25
PCC.Vdd=3.6
PD11.GPIOParameters=GPIO_Label
PD11.GPIO_Label=DISPLAY_STB
PD11.Locked=true
PD11.Signal=GPIO_Output
PD12.GPIOParameters=GPIO_Label
PD12.GPIO_Label=IR_3
PD12.Locked=true
PD12.Signal=GPIO_Input
PD13.GPIOParameters=GPIO_Label
PD13.GPIO_Label=IR_2
PD13.Locked=true
PD13.Signal=GPIO_Input
PD14.GPIOParameters=GPIO_Label
PD14.GPIO_Label=IR_1
PD14.Locked=true
PD14.Signal=GPIO_Input
PE0.GPIOParameters=GPIO_Label
PE0.GPIO_Label=DISPLAY_HOME
PE0.Locked=true
PE0.Signal=GPIO_Input
PE1.GPIOParameters=GPIO_Label
PE1.GPIO_Label=DISPLAY_CLEAN
PE1.Locked=true
PE1.Signal=GPIO_Input
PE10.GPIOParameters=GPIO_Label
PE10.GPIO_Label=DISPLAY_DIO
PE10.Locked=true
PE10.Signal=GPIO_Output
PE3.GPIOParameters=GPIO_Label
PE3.GPIO_Label=AUDIO_RESET
PE3.Locked=true
PE3.Signal=GPIO_Output
PE8.GPIOParameters=GPIO_Label
PE8.GPIO_Label=DISPLAY_CLK
PE8.Locked=true
PE8.Signal=GPIO_Output
PF0-OSC_IN.Mode=HSE-External-Oscillator
PF0-OSC_IN.Signal=RCC_OSC_IN
PF1-OSC_OUT.Mode=HSE-External-Oscillator
PF1-OSC_OUT.Signal=RCC_OSC_OUT
PinOutPanel.RotationAngle=0
ProjectManager.AskForMigrate=true
ProjectManager.BackupPrevious=false
ProjectManager.CompilerOptimize=2
ProjectManager.ComputerToolchain=false
ProjectManager.CoupleFile=true
ProjectManager.CustomerFirmwarePackage=
ProjectManager.DefaultFWLocation=true
ProjectManager.DeletePrevious=true
ProjectManager.DeviceId=STM32F071VBTx
ProjectManager.FirmwarePackage=STM32Cube FW_F0 V1.9.0
ProjectManager.FreePins=false
ProjectManager.HalAssertFull=false
ProjectManager.HeapSize=0x200
ProjectManager.KeepUserCode=true
ProjectManager.LastFirmware=true
ProjectManager.LibraryCopy=1
ProjectManager.PreviousToolchain=SW4STM32
ProjectManager.ProjectBuild=false
ProjectManager.ProjectFileName=PandaX500.ioc
ProjectManager.ProjectName=PandaX500
ProjectManager.StackSize=0x400
ProjectManager.TargetToolchain=SW4STM32
ProjectManager.ToolChainLocation=
ProjectManager.UnderRoot=true
ProjectManager.functionlistsort=1-MX_GPIO_Init-GPIO-false-HAL,2-MX_DMA_Init-DMA-false-HAL,3-SystemClock_Config-RCC-false-HAL,4-MX_ADC_Init-ADC-false-HAL,5-MX_TIM16_Init-TIM16-false-HAL
RCC.CECFreq_Value=32786.88524590164
RCC.FamilyName=M
RCC.HSICECFreq_Value=32786.88524590164
RCC.IPParameters=CECFreq_Value,FamilyName,HSICECFreq_Value,PLLCLKFreq_Value,PLLMCOFreq_Value,TimSysFreq_Value,VCOOutput2Freq_Value
RCC.PLLCLKFreq_Value=16000000
RCC.PLLMCOFreq_Value=16000000
RCC.TimSysFreq_Value=8000000
RCC.VCOOutput2Freq_Value=8000000
TIM16.Channel=TIM_CHANNEL_1
TIM16.IPParameters=Channel,OCMode_PWM
TIM16.OCMode_PWM=TIM_OCMODE_PWM1
VP_ADC_Vbat_Input.Mode=IN-Vbat
VP_ADC_Vbat_Input.Signal=ADC_Vbat_Input
VP_SYS_VS_Systick.Mode=SysTick
VP_SYS_VS_Systick.Signal=SYS_VS_Systick
VP_TIM16_VS_ClockSourceINT.Mode=Enable_Timer
VP_TIM16_VS_ClockSourceINT.Signal=TIM16_VS_ClockSourceINT
VP_TIM16_VS_no_output1.Mode=PWM Generation1 No Output
VP_TIM16_VS_no_output1.Signal=TIM16_VS_no_output1
board=PandaX500
